# THIS IS AN AUTOGENERATED FILE. DO NOT EDIT THIS FILE DIRECTLY.
# yarn lockfile v1


director@^1.2.0:
  version "1.2.8"
  resolved "https://registry.yarnpkg.com/director/-/director-1.2.8.tgz#c6d9b4dd890e9aff5365183fe9cc8e73994cf2d5"
  integrity sha1-xtm03YkOmv9TZRg/6cyOc5lM8tU=

todomvc-app-css@^2.0.0:
  version "2.3.0"
  resolved "https://registry.yarnpkg.com/todomvc-app-css/-/todomvc-app-css-2.3.0.tgz#cc27f1686ab4c418eef4e790289cc124baca2546"
  integrity sha512-RG8hxqoVn8Be3wxyuyHfOSAXiY1Z0N+PYQOe/jxzy3wpU1Obfwd1RF1i/fz/fR+MrYL+Q+BdrUt8SsXdtR7Oow==

todomvc-common@^1.0.1:
  version "1.0.5"
  resolved "https://registry.yarnpkg.com/todomvc-common/-/todomvc-common-1.0.5.tgz#8c3e799ac9f1fc1573e0c204f984510826914730"
  integrity sha512-D8kEJmxVMQIWwztEdH+WeiAfXRbbSCpgXq4NkYi+gduJ2tr8CNq7sYLfJvjpQ10KD9QxJwig57rvMbV2QAESwQ==

vue@^2.1.8:
  version "2.6.12"
  resolved "https://registry.yarnpkg.com/vue/-/vue-2.6.12.tgz#f5ebd4fa6bd2869403e29a896aed4904456c9123"
  integrity sha512-uhmLFETqPPNyuLLbsKz6ioJ4q7AZHzD8ZVFNATNyICSZouqP2Sz0rotWQC8UNBF6VGSCs5abnKJoStA6JbCbfg==
